^\s*(gcc|g\+\+|cc|c\+\+).*?\-c\s+(\-.+\s+|\s*)\-o\s+([^\s]+).*\s`[^`]+`([^\s]+).*$|||Compiling \4 --> \3|||0
^\s*(gcc|g\+\+|cc|c\+\+).*?\-c\s+(\-.+\s+|\s*)\-o\s+([^\s]+).*\s([^\s]+)\s*$|||Compiling \4 --> \3|||0
^\s*(gcc|g\+\+|cc|c\+\+).*?\-c\s+([^\s]+).*?\-o\s+(\.libs/([^\s]+?)\.[^\s]+).*$|||Compiling \2 --> \4.lo [\3]|||0
^\s*(gcc|g\+\+|cc|c\+\+).*?\-o\s+(\.libs/([^\s]+?)\.[^\s]+).*?\-c\s+([^\s]+).*$|||Compiling \4 --> \3.lo [\2]|||0
^\s*(gcc|g\+\+|cc|c\+\+).*?\-c\s+([^\s]+).*?\-o\s+([^\s]+).*$|||Compiling \2 --> \3|||0
^\s*(gcc|g\+\+|cc|c\+\+).*?\-o\s+([^\s]+).*?\-c\s+([^\s]+).*$|||Compiling \3 --> \2|||0
^\s*(gcc|g\+\+|cc|c\+\+).*?\-c\s+([^\s]+).*$|||Compiling \2|||0
^.*?libtool \-\-mode=compile|||Invoking libtool for compilation|||0
^\s*(gcc|g\+\+|cc|c\+\+).*?\s+\-shared\s+.*?\-o\s+([^\s]+).*$|||Building shared library \2|||0
^ar cru\s+([^\s]+).*$|||Building static library \1|||0
^\s*(gcc|g\+\+|cc|c\+\+).*?\-o\s+([^\s]+).*$|||Building executable \2|||0
^rm |||Cleaning ...|||0
^\(cd \.libs \&\& rm \-f [^\s]+ \&\& ln \-s ([^\s]+) ([^\s]+)\)$|||Creating symlink .libs/\2|||0
^/.*/([^/\:]+)(\:\d+\:.*)$|||\1\2|||0
